# This file was autogenerated by Stack.
# You should not edit this file by hand.
# For more information, please see the documentation at:
#   https://docs.haskellstack.org/en/stable/lock_files

packages:
- completed:
    hackage: hlint-2.2.11@sha256:f4eef0d718264824254bf375a85a91a8756b20c4f7d2a4854ffe4e69e8bd1679,4069
    pantry-tree:
      size: 5014
      sha256: f75f1e4185337aa32610ec7710d12e5d2b9c79292fa8a08348580861c99c6826
  original:
    hackage: hlint-2.2.11
- completed:
    hackage: hindent-5.3.1@sha256:23dc3d423820a1de4a11f54eb87992f2c9fa1b686b2230bb06d1af46edc85c4b,3452
    pantry-tree:
      size: 1027
      sha256: 29ea7cff1847793ca6249158ad919f4bb7095e59067f9750f4ce7051496e03d0
  original:
    hackage: hindent-5.3.1
- completed:
    hackage: stylish-haskell-0.9.4.4@sha256:ea514922e47ea05a924355a841abd26d18101037c46fbb90e201ae83582a8728,4953
    pantry-tree:
      size: 2863
      sha256: 90316b02f585d82d84f90a393d838e9ae1603fd5c0a01f216459ab56f7dc8cfb
  original:
    hackage: stylish-haskell-0.9.4.4
snapshots:
- completed:
    size: 523700
    url: https://raw.githubusercontent.com/commercialhaskell/stackage-snapshots/master/lts/14/7.yaml
    sha256: 8e3f3c894be74d71fa4bf085e0a8baae7e4d7622d07ea31a52736b80f8b9bb1a
  original: lts-14.7
